explore:
  cmd: python src/explore.py
  deps:
  - path: data/Ad.csv
    md5: c7a9fe5cad97b0d6a600ef2f20f48ac4
  - path: src/explore.py
    md5: 7169db88b81eb4353de94c961c34e3ff
  outs:
  - path: data/Exploration
    md5: 2b1b6ca1a3d21a7470f030666181685f.dir
train:
  cmd: python src/train.py model.pkl
  deps:
  - path: data/Ad.csv
    md5: c7a9fe5cad97b0d6a600ef2f20f48ac4
  - path: src/train.py
    md5: 507ce86c56e59d74270f491df23d87ff
  params:
    params.yaml:
      train.random_state: 42
      train.test_size: 0.2
  outs:
  - path: model.pkl
    md5: 2d7a119e243bc7e263ca855ff16a51a5
evaluate:
  cmd: python src/evaluate.py model.pkl data/Fitest scores.json
  deps:
  - path: data/Fitest
    md5: e4521298997bc1f339ed0e62ba05482d.dir
  - path: model.pkl
    md5: 2d7a119e243bc7e263ca855ff16a51a5
  - path: src/evaluate.py
    md5: 2424f6c2bd67f145a4c436d36cb39263
  outs:
  - path: scores.json
    md5: 9d66c3e41bb07898420235c383aeb6b8
