explore:
  cmd: python src/explore.py
  deps:
  - path: data/Ad.csv
    md5: c7a9fe5cad97b0d6a600ef2f20f48ac4
  - path: src/explore.py
    md5: 9573abffedb591f958d6113efd9baba9
  outs:
  - path: data/Exploration
    md5: 70459b1bde72b1bcb4c3f84faeb99f2b.dir
train:
  cmd: python src/train.py model.pkl
  deps:
  - path: data/Ad.csv
    md5: c7a9fe5cad97b0d6a600ef2f20f48ac4
  - path: src/train.py
    md5: 507ce86c56e59d74270f491df23d87ff
  params:
    params.yaml:
      train.random_state: 42
      train.test_size: 0.1
  outs:
  - path: model.pkl
    md5: 8daece502c996f3da813e47410afba2c
evaluate:
  cmd: python src/evaluate.py model.pkl data/Fitest scores.json
  deps:
  - path: data/Fitest
    md5: 4f227f6e663df99ca788af99990d73de.dir
  - path: model.pkl
    md5: 8daece502c996f3da813e47410afba2c
  - path: src/evaluate.py
    md5: cfbca9276e1fa9eb66d36a6813414d46
  outs:
  - path: scores.json
    md5: ea85d8186af95a0e4a38df420966b0e2
