explore:
  cmd: python src/explore.py
  deps:
  - path: data/Ad.csv
    md5: c7a9fe5cad97b0d6a600ef2f20f48ac4
  - path: src/explore.py
    md5: 9573abffedb591f958d6113efd9baba9
  outs:
  - path: data/Exploration
    md5: 70459b1bde72b1bcb4c3f84faeb99f2b.dir
train:
  cmd: python src/train.py model.pkl
  deps:
  - path: data/Ad.csv
    md5: c7a9fe5cad97b0d6a600ef2f20f48ac4
  - path: src/train.py
    md5: 507ce86c56e59d74270f491df23d87ff
  params:
    params.yaml:
      train.random_state: 42
      train.test_size: 0.3
  outs:
  - path: model.pkl
    md5: a0856949fd56163a786973bfb786e620
evaluate:
  cmd: python src/evaluate.py model.pkl data/Fitest scores.json
  deps:
  - path: data/Fitest
    md5: f3ac6cf6592fccefaffb80aec98a8aae.dir
  - path: model.pkl
    md5: a0856949fd56163a786973bfb786e620
  - path: src/evaluate.py
    md5: 2424f6c2bd67f145a4c436d36cb39263
  outs:
  - path: scores.json
    md5: 77d5d2878fc3b65ecd8953bb7945e3e7
